github.com/favadi/protoc-go-inject-tag v0.0.0-20181008023834-c2c1884c833d h1:Bh0c4No7ymFysOobh6rH6DOVUlEYgIpexbqN6bAspq8=
github.com/favadi/protoc-go-inject-tag v0.0.0-20181008023834-c2c1884c833d/go.mod h1:aqpNBvyaHwaqHh/jR+j3mBjD/Y73PvAUna+5G8tRLA8=
github.com/globalsign/mgo v0.0.0-20181015135952-eeefdecb41b8 h1:DujepqpGd1hyOd7aW59XpK7Qymp8iy83xq74fLr21is=
github.com/globalsign/mgo v0.0.0-20181015135952-eeefdecb41b8/go.mod h1:xkRDCp4j0OGD1HRkm4kmhM+pmpv3AKq5SU7GMg4oO/Q=
github.com/golang/protobuf v1.1.0/go.mod h1:6lQm79b+lXiMfvg/cZm0SGofjICqVBUtrP5yJMmIC1U=
github.com/golang/protobuf v1.3.1 h1:YF8+flBXS5eO826T4nzqPrxfhQThhXl0YzfuUPu4SBg=
github.com/golang/protobuf v1.3.1/go.mod h1:6lQm79b+lXiMfvg/cZm0SGofjICqVBUtrP5yJMmIC1U=
github.com/google/uuid v1.1.1 h1:Gkbcsh/GbpXz7lPftLA3P6TYMwjCLYm83jiFQZF/3gY=
github.com/google/uuid v1.1.1/go.mod h1:TIyPZe4MgqvfeYDBFedMoGGpEw/LqOeaOT+nhxU+yHo=
github.com/kr/pretty v0.1.0 h1:L/CwN0zerZDmRFUapSPitk6f+Q3+0za1rQkzVuMiMFI=
github.com/kr/pretty v0.1.0/go.mod h1:dAy3ld7l9f0ibDNOQOHHMYYIIbhfbHSm3C4ZsoJORNo=
github.com/kr/pty v1.1.1/go.mod h1:pFQYn66WHrOpPYNljwOMqo10TkYh1fy3cYio2l3bCsQ=
github.com/kr/text v0.1.0 h1:45sCR5RtlFHMR4UwH9sdQ5TC8v0qDQCHnXt+kaKSTVE=
github.com/kr/text v0.1.0/go.mod h1:4Jbv+DJW3UT/LiOwJeYQe1efqtUx/iVham/4vfdArNI=
github.com/nats-io/gnatsd v1.4.1 h1:RconcfDeWpKCD6QIIwiVFcvForlXpWeJP7i5/lDLy44=
github.com/nats-io/gnatsd v1.4.1/go.mod h1:nqco77VO78hLCJpIcVfygDP2rPGfsEHkGTUk94uh5DQ=
github.com/nats-io/go-nats v1.7.2 h1:cJujlwCYR8iMz5ofZSD/p2WLW8FabhkQ2lIEVbSvNSA=
github.com/nats-io/go-nats v1.7.2/go.mod h1:+t7RHT5ApZebkrQdnn6AhQJmhJJiKAvJUio1PiiCtj0=
github.com/nats-io/nats.go v1.7.2 h1:rUV2n05Quwp0dJsnKyaL/KMBb8b50h8dBpQPaxQhtQE=
github.com/nats-io/nats.go v1.7.2/go.mod h1:yo+8b7YsyprMCRao9okCBtz4Gfr9nSmu5vdOjuV27BE=
github.com/nats-io/nkeys v0.0.2 h1:+qM7QpgXnvDDixitZtQUBDY9w/s9mu1ghS+JIbsrx6M=
github.com/nats-io/nkeys v0.0.2/go.mod h1:dab7URMsZm6Z/jp9Z5UGa87Uutgc2mVpXLC4B7TDb/4=
github.com/nats-io/nuid v1.0.1 h1:5iA8DT8V7q8WK2EScv2padNa/rTESc1KdnPw4TC2paw=
github.com/nats-io/nuid v1.0.1/go.mod h1:19wcPz3Ph3q0Jbyiqsd0kePYG7A95tJPxeL+1OSON2c=
golang.org/x/crypto v0.0.0-20181203042331-505ab145d0a9 h1:mKdxBk7AujPs8kU4m80U72y/zjbZ3UcXC7dClwKbUI0=
golang.org/x/crypto v0.0.0-20181203042331-505ab145d0a9/go.mod h1:6SG95UA2DQfeDnfUPMdvaQW0Q7yPrPDi9nlGo2tz2b4=
golang.org/x/net v0.0.0-20180801234040-f4c29de78a2a/go.mod h1:mL1N/T3taQHkDXs73rZJwtUhF3w3ftmwwsq0BUmARs4=
golang.org/x/sync v0.0.0-20180314180146-1d60e4601c6f/go.mod h1:RxMgew5VJxzue5/jJTE5uejpjVlOe/izrB70Jof72aM=
gopkg.in/check.v1 v1.0.0-20180628173108-788fd7840127 h1:qIbj1fsPNlZgppZ+VLlY7N33q108Sa+fhmuc+sWQYwY=
gopkg.in/check.v1 v1.0.0-20180628173108-788fd7840127/go.mod h1:Co6ibVJAznAaIkqp8huTwlJQCZ016jof/cbN4VW5Yz0=
